
Microsoft Visual Studio Solution File, Format Version 12.00
# Visual Studio 14
VisualStudioVersion = 14.0.24720.0
MinimumVisualStudioVersion = 10.0.40219.1
Project("{FAE04EC0-301F-11D3-BF4B-00C04F79EFBC}") = "Overheadpanel", "Overheadpanel\Overheadpanel.csproj", "{0288A68C-F799-45F6-980F-1BA5C394AC8D}"
EndProject
Project("{FAE04EC0-301F-11D3-BF4B-00C04F79EFBC}") = "FSInterface", "..\..\..\..\..\..\FS737\SDK\CS\Components_CS\FSInterface.csproj", "{08269F5E-6465-4643-8DEC-5BEE084E1C44}"
EndProject
Project("{FAE04EC0-301F-11D3-BF4B-00C04F79EFBC}") = "FSToolbox", "FSToolbox\FSToolbox.csproj", "{5F13F455-439E-4C6E-A436-3A28ACA5B9DE}"
EndProject
Global
	GlobalSection(SolutionConfigurationPlatforms) = preSolution
		Debug|Any CPU = Debug|Any CPU
		Debug|x64 = Debug|x64
		Debug|x86 = Debug|x86
		Release|Any CPU = Release|Any CPU
		Release|x64 = Release|x64
		Release|x86 = Release|x86
	EndGlobalSection
	GlobalSection(ProjectConfigurationPlatforms) = postSolution
		{0288A68C-F799-45F6-980F-1BA5C394AC8D}.Debug|Any CPU.ActiveCfg = Debug|Any CPU
		{0288A68C-F799-45F6-980F-1BA5C394AC8D}.Debug|Any CPU.Build.0 = Debug|Any CPU
		{0288A68C-F799-45F6-980F-1BA5C394AC8D}.Debug|x64.ActiveCfg = Debug|Any CPU
		{0288A68C-F799-45F6-980F-1BA5C394AC8D}.Debug|x64.Build.0 = Debug|Any CPU
		{0288A68C-F799-45F6-980F-1BA5C394AC8D}.Debug|x86.ActiveCfg = Debug|Any CPU
		{0288A68C-F799-45F6-980F-1BA5C394AC8D}.Debug|x86.Build.0 = Debug|Any CPU
		{0288A68C-F799-45F6-980F-1BA5C394AC8D}.Release|Any CPU.ActiveCfg = Release|Any CPU
		{0288A68C-F799-45F6-980F-1BA5C394AC8D}.Release|Any CPU.Build.0 = Release|Any CPU
		{0288A68C-F799-45F6-980F-1BA5C394AC8D}.Release|x64.ActiveCfg = Release|Any CPU
		{0288A68C-F799-45F6-980F-1BA5C394AC8D}.Release|x64.Build.0 = Release|Any CPU
		{0288A68C-F799-45F6-980F-1BA5C394AC8D}.Release|x86.ActiveCfg = Release|Any CPU
		{0288A68C-F799-45F6-980F-1BA5C394AC8D}.Release|x86.Build.0 = Release|Any CPU
		{08269F5E-6465-4643-8DEC-5BEE084E1C44}.Debug|Any CPU.ActiveCfg = Debug|Any CPU
		{08269F5E-6465-4643-8DEC-5BEE084E1C44}.Debug|Any CPU.Build.0 = Debug|Any CPU
		{08269F5E-6465-4643-8DEC-5BEE084E1C44}.Debug|x64.ActiveCfg = Debug|x64
		{08269F5E-6465-4643-8DEC-5BEE084E1C44}.Debug|x64.Build.0 = Debug|x64
		{08269F5E-6465-4643-8DEC-5BEE084E1C44}.Debug|x86.ActiveCfg = Debug|x86
		{08269F5E-6465-4643-8DEC-5BEE084E1C44}.Debug|x86.Build.0 = Debug|x86
		{08269F5E-6465-4643-8DEC-5BEE084E1C44}.Release|Any CPU.ActiveCfg = Release|Any CPU
		{08269F5E-6465-4643-8DEC-5BEE084E1C44}.Release|Any CPU.Build.0 = Release|Any CPU
		{08269F5E-6465-4643-8DEC-5BEE084E1C44}.Release|x64.ActiveCfg = Release|x64
		{08269F5E-6465-4643-8DEC-5BEE084E1C44}.Release|x64.Build.0 = Release|x64
		{08269F5E-6465-4643-8DEC-5BEE084E1C44}.Release|x86.ActiveCfg = Release|x86
		{08269F5E-6465-4643-8DEC-5BEE084E1C44}.Release|x86.Build.0 = Release|x86
		{5F13F455-439E-4C6E-A436-3A28ACA5B9DE}.Debug|Any CPU.ActiveCfg = Debug|Any CPU
		{5F13F455-439E-4C6E-A436-3A28ACA5B9DE}.Debug|Any CPU.Build.0 = Debug|Any CPU
		{5F13F455-439E-4C6E-A436-3A28ACA5B9DE}.Debug|x64.ActiveCfg = Debug|Any CPU
		{5F13F455-439E-4C6E-A436-3A28ACA5B9DE}.Debug|x64.Build.0 = Debug|Any CPU
		{5F13F455-439E-4C6E-A436-3A28ACA5B9DE}.Debug|x86.ActiveCfg = Debug|Any CPU
		{5F13F455-439E-4C6E-A436-3A28ACA5B9DE}.Debug|x86.Build.0 = Debug|Any CPU
		{5F13F455-439E-4C6E-A436-3A28ACA5B9DE}.Release|Any CPU.ActiveCfg = Release|Any CPU
		{5F13F455-439E-4C6E-A436-3A28ACA5B9DE}.Release|Any CPU.Build.0 = Release|Any CPU
		{5F13F455-439E-4C6E-A436-3A28ACA5B9DE}.Release|x64.ActiveCfg = Release|Any CPU
		{5F13F455-439E-4C6E-A436-3A28ACA5B9DE}.Release|x64.Build.0 = Release|Any CPU
		{5F13F455-439E-4C6E-A436-3A28ACA5B9DE}.Release|x86.ActiveCfg = Release|Any CPU
		{5F13F455-439E-4C6E-A436-3A28ACA5B9DE}.Release|x86.Build.0 = Release|Any CPU
	EndGlobalSection
	GlobalSection(SolutionProperties) = preSolution
		HideSolutionNode = FALSE
	EndGlobalSection
EndGlobal
